
Microsoft Visual Studio Solution File, Format Version 12.00
# Visual Studio Version 17
VisualStudioVersion = 17.3.32922.545
MinimumVisualStudioVersion = 10.0.40219.1
Project("{FAE04EC0-301F-11D3-BF4B-00C04F79EFBC}") = "SGCPN", "SGCPN\SGCPN.csproj", "{EFB05E34-F49A-4E75-B363-F4CC22040596}"
EndProject
Global
	GlobalSection(SolutionConfigurationPlatforms) = preSolution
		Debug|Any CPU = Debug|Any CPU
		Release|Any CPU = Release|Any CPU
	EndGlobalSection
	GlobalSection(ProjectConfigurationPlatforms) = postSolution
		{EFB05E34-F49A-4E75-B363-F4CC22040596}.Debug|Any CPU.ActiveCfg = Debug|Any CPU
		{EFB05E34-F49A-4E75-B363-F4CC22040596}.Debug|Any CPU.Build.0 = Debug|Any CPU
		{EFB05E34-F49A-4E75-B363-F4CC22040596}.Release|Any CPU.ActiveCfg = Release|Any CPU
		{EFB05E34-F49A-4E75-B363-F4CC22040596}.Release|Any CPU.Build.0 = Release|Any CPU
	EndGlobalSection
	GlobalSection(SolutionProperties) = preSolution
		HideSolutionNode = FALSE
	EndGlobalSection
	GlobalSection(ExtensibilityGlobals) = postSolution
		SolutionGuid = {3147BA6E-E61B-4E13-A6B1-F997A8D9C7C8}
	EndGlobalSection
EndGlobal
